<?xml version="1.0" encoding="utf-8"?>
<Project ToolsVersion="4.0" xmlns="http://schemas.microsoft.com/developer/msbuild/2003">
  <ItemGroup>
    <ClCompile Include="codes\sources\animation.cpp" />
    <ClCompile Include="codes\sources\astar.cpp" />
    <ClCompile Include="codes\sources\astarboi.cpp" />
    <ClCompile Include="codes\sources\bullet.cpp" />
    <ClCompile Include="codes\sources\coin.cpp" />
    <ClCompile Include="codes\sources\collectableitem.cpp" />
    <ClCompile Include="codes\sources\effect.cpp" />
    <ClCompile Include="codes\sources\button.cpp" />
    <ClCompile Include="codes\sources\calculator.cpp" />
    <ClCompile Include="codes\sources\credit.cpp" />
    <ClCompile Include="codes\sources\enemy.cpp" />
    <ClCompile Include="codes\sources\explosioneffect1.cpp" />
    <ClCompile Include="codes\sources\explosioneffect2.cpp" />
    <ClCompile Include="codes\sources\game.cpp" />
    <ClCompile Include="codes\sources\gameobject.cpp" />
    <ClCompile Include="codes\sources\gameover.cpp" />
    <ClCompile Include="codes\sources\gameplay.cpp" />
    <ClCompile Include="codes\sources\gamestate.cpp" />
    <ClCompile Include="codes\sources\mainmenu.cpp" />
    <ClCompile Include="codes\sources\map.cpp" />
    <ClCompile Include="codes\sources\player.cpp" />
    <ClCompile Include="codes\sources\resourceallocator.cpp" />
    <ClCompile Include="codes\sources\setting.cpp" />
    <ClCompile Include="codes\sources\utility.cpp" />
    <ClCompile Include="codes\sources\wall.cpp" />
    <ClCompile Include="main.cpp" />
    <ClCompile Include="codes\sources\character.cpp" />
    <ClCompile Include="codes\sources\medkit.cpp" />
    <ClCompile Include="codes\sources\flyingtext.cpp" />
    <ClCompile Include="codes\sources\typingtext.cpp" />
    <ClCompile Include="codes\sources\ending.cpp" />
    <ClCompile Include="codes\sources\saving.cpp" />
    <ClCompile Include="codes\sources\highscore.cpp" />
  </ItemGroup>
  <ItemGroup>
    <ClInclude Include="codes\headers\animation.h" />
    <ClInclude Include="codes\headers\astar.h" />
    <ClInclude Include="codes\headers\astarboi.h" />
    <ClInclude Include="codes\headers\bullet.h" />
    <ClInclude Include="codes\headers\coin.h" />
    <ClInclude Include="codes\headers\collectableitem.h" />
    <ClInclude Include="codes\headers\effect.h" />
    <ClInclude Include="codes\headers\button.h" />
    <ClInclude Include="codes\headers\calculator.h" />
    <ClInclude Include="codes\headers\credit.h" />
    <ClInclude Include="codes\headers\enemy.h" />
    <ClInclude Include="codes\headers\explosioneffect1.h" />
    <ClInclude Include="codes\headers\explosioneffect2.h" />
    <ClInclude Include="codes\headers\game.h" />
    <ClInclude Include="codes\headers\gameobject.h" />
    <ClInclude Include="codes\headers\gameover.h" />
    <ClInclude Include="codes\headers\gameplay.h" />
    <ClInclude Include="codes\headers\gamestate.h" />
    <ClInclude Include="codes\headers\mainmenu.h" />
    <ClInclude Include="codes\headers\map.h" />
    <ClInclude Include="codes\headers\player.h" />
    <ClInclude Include="codes\headers\resourceallocator.h" />
    <ClInclude Include="codes\headers\setting.h" />
    <ClInclude Include="codes\headers\utility.h" />
    <ClInclude Include="codes\headers\wall.h" />
    <ClInclude Include="codes\headers\character.h" />
    <ClInclude Include="codes\headers\medkit.h" />
    <ClInclude Include="codes\headers\flyingtext.h" />
    <ClInclude Include="codes\headers\typingtext.h" />
    <ClInclude Include="codes\headers\ending.h" />
    <ClInclude Include="codes\headers\saving.h" />
    <ClInclude Include="codes\headers\highscore.h" />
  </ItemGroup>
  <ItemGroup>
    <None Include=".gitattributes" />
    <None Include=".gitignore" />
    <None Include="README.md" />
  </ItemGroup>
</Project>